// !$*UTF8*$!
{
	archiveVersion = 1;
	classes = {
	};
	objectVersion = 77;
	objects = {

/* Begin PBXBuildFile section */
		1618B1D72FB87FDA006B83A8 /* Assets.xcassets in Resources */ = {isa = PBXBuildFile; fileRef = 1618B1D42FB87FDA006B83A8 /* Assets.xcassets */; };
		1618B1D82FB87FDA006B83A8 /* ExportOptions.swift in Sources */ = {isa = PBXBuildFile; fileRef = 1618B1CD2FB87FDA006B83A8 /* ExportOptions.swift */; };
		1618B1D92FB87FDA006B83A8 /* WatermarkConfig.swift in Sources */ = {isa = PBXBuildFile; fileRef = 1618B1CE2FB87FDA006B83A8 /* WatermarkConfig.swift */; };
		1618B1DA2FB87FDA006B83A8 /* WatermarkTemplate.swift in Sources */ = {isa = PBXBuildFile; fileRef = 1618B1CF2FB87FDA006B83A8 /* WatermarkTemplate.swift */; };
		1618B1DB2FB87FDA006B83A8 /* HomeView.swift in Sources */ = {isa = PBXBuildFile; fileRef = 1618B1D12FB87FDA006B83A8 /* HomeView.swift */; };
		1618B1DC2FB87FDA006B83A8 /* WatermarkITApp.swift in Sources */ = {isa = PBXBuildFile; fileRef = 1618B1D52FB87FDA006B83A8 /* WatermarkITApp.swift */; };
		1618B1E32FB8840C006B83A8 /* HomeViewModel.swift in Sources */ = {isa = PBXBuildFile; fileRef = 1618B1E12FB8840C006B83A8 /* HomeViewModel.swift */; };
		1618B1E92FB88430006B83A8 /* ImagePicker.swift in Sources */ = {isa = PBXBuildFile; fileRef = 1618B1E72FB88430006B83A8 /* ImagePicker.swift */; };
		1618B1EC2FB8849D006B83A8 /* EditorView.swift in Sources */ = {isa = PBXBuildFile; fileRef = 1618B1EB2FB8849D006B83A8 /* EditorView.swift */; };
		1618B1F52FB884D1006B83A8 /* BatchView.swift in Sources */ = {isa = PBXBuildFile; fileRef = 1618B1F32FB884D1006B83A8 /* BatchView.swift */; };
		1618B1F82FB884D1006B83A8 /* TemplatesView.swift in Sources */ = {isa = PBXBuildFile; fileRef = 1618B1F62FB884D1006B83A8 /* TemplatesView.swift */; };
/* End PBXBuildFile section */

/* Begin PBXFileReference section */
		1618B1CD2FB87FDA006B83A8 /* ExportOptions.swift */ = {isa = PBXFileReference; lastKnownFileType = sourcecode.swift; path = ExportOptions.swift; sourceTree = "<group>"; };
		1618B1CE2FB87FDA006B83A8 /* WatermarkConfig.swift */ = {isa = PBXFileReference; lastKnownFileType = sourcecode.swift; path = WatermarkConfig.swift; sourceTree = "<group>"; };
		1618B1CF2FB87FDA006B83A8 /* WatermarkTemplate.swift */ = {isa = PBXFileReference; lastKnownFileType = sourcecode.swift; path = WatermarkTemplate.swift; sourceTree = "<group>"; };
		1618B1D12FB87FDA006B83A8 /* HomeView.swift */ = {isa = PBXFileReference; lastKnownFileType = sourcecode.swift; path = HomeView.swift; sourceTree = "<group>"; };
		1618B1D42FB87FDA006B83A8 /* Assets.xcassets */ = {isa = PBXFileReference; lastKnownFileType = folder.assetcatalog; path = Assets.xcassets; sourceTree = "<group>"; };
		1618B1D52FB87FDA006B83A8 /* WatermarkITApp.swift */ = {isa = PBXFileReference; lastKnownFileType = sourcecode.swift; path = WatermarkITApp.swift; sourceTree = "<group>"; };
		1618B1DD2FB88379006B83A8 /* Info.plist */ = {isa = PBXFileReference; lastKnownFileType = text.plist; path = Info.plist; sourceTree = "<group>"; };
		1618B1E12FB8840C006B83A8 /* HomeViewModel.swift */ = {isa = PBXFileReference; lastKnownFileType = sourcecode.swift; path = HomeViewModel.swift; sourceTree = "<group>"; };
		1618B1E72FB88430006B83A8 /* ImagePicker.swift */ = {isa = PBXFileReference; lastKnownFileType = sourcecode.swift; path = ImagePicker.swift; sourceTree = "<group>"; };
		1618B1EB2FB8849D006B83A8 /* EditorView.swift */ = {isa = PBXFileReference; lastKnownFileType = sourcecode.swift; path = EditorView.swift; sourceTree = "<group>"; };
		1618B1F32FB884D1006B83A8 /* BatchView.swift */ = {isa = PBXFileReference; lastKnownFileType = sourcecode.swift; path = BatchView.swift; sourceTree = "<group>"; };
		1618B1F62FB884D1006B83A8 /* TemplatesView.swift */ = {isa = PBXFileReference; lastKnownFileType = sourcecode.swift; path = TemplatesView.swift; sourceTree = "<group>"; };
		1633BBD02FB09C4E00AE0A53 /* WatermarkIT.app */ = {isa = PBXFileReference; explicitFileType = wrapper.application; includeInIndex = 0; path = WatermarkIT.app; sourceTree = BUILT_PRODUCTS_DIR; };
/* End PBXFileReference section */

/* Begin PBXFrameworksBuildPhase section */
		1633BBCD2FB09C4E00AE0A53 /* Frameworks */ = {
			isa = PBXFrameworksBuildPhase;
			buildActionMask = 2147483647;
			files = (
			);
			runOnlyForDeploymentPostprocessing = 0;
		};
/* End PBXFrameworksBuildPhase section */

/* Begin PBXGroup section */
		1618B1D02FB87FDA006B83A8 /* Models */ = {
			isa = PBXGroup;
			children = (
				1618B1CD2FB87FDA006B83A8 /* ExportOptions.swift */,
				1618B1CE2FB87FDA006B83A8 /* WatermarkConfig.swift */,
				1618B1CF2FB87FDA006B83A8 /* WatermarkTemplate.swift */,
			);
			path = Models;
			sourceTree = "<group>";
		};
		1618B1D22FB87FDA006B83A8 /* Home */ = {
			isa = PBXGroup;
			children = (
				1618B1D12FB87FDA006B83A8 /* HomeView.swift */,
			);
			path = Home;
			sourceTree = "<group>";
		};
		1618B1D32FB87FDA006B83A8 /* Views */ = {
			isa = PBXGroup;
			children = (
				1618B1F42FB884D1006B83A8 /* Batch */,
				1618B1F72FB884D1006B83A8 /* Templates */,
				1618B1EA2FB88495006B83A8 /* Editor */,
				1618B1D22FB87FDA006B83A8 /* Home */,
			);
			path = Views;
			sourceTree = "<group>";
		};
		1618B1D62FB87FDA006B83A8 /* WatermarkIT */ = {
			isa = PBXGroup;
			children = (
				1618B1E82FB88430006B83A8 /* Services */,
				1618B1E22FB8840C006B83A8 /* ViewModels */,
				1618B1DD2FB88379006B83A8 /* Info.plist */,
				1618B1D02FB87FDA006B83A8 /* Models */,
				1618B1D32FB87FDA006B83A8 /* Views */,
				1618B1D42FB87FDA006B83A8 /* Assets.xcassets */,
				1618B1D52FB87FDA006B83A8 /* WatermarkITApp.swift */,
			);
			path = WatermarkIT;
			sourceTree = "<group>";
		};
		1618B1E22FB8840C006B83A8 /* ViewModels */ = {
			isa = PBXGroup;
			children = (
				1618B1E12FB8840C006B83A8 /* HomeViewModel.swift */,
			);
			path = ViewModels;
			sourceTree = "<group>";
		};
		1618B1E82FB88430006B83A8 /* Services */ = {
			isa = PBXGroup;
			children = (
				1618B1E72FB88430006B83A8 /* ImagePicker.swift */,
			);
			path = Services;
			sourceTree = "<group>";
		};
		1618B1EA2FB88495006B83A8 /* Editor */ = {
			isa = PBXGroup;
			children = (
				1618B1EB2FB8849D006B83A8 /* EditorView.swift */,
			);
			path = Editor;
			sourceTree = "<group>";
		};
		1618B1F42FB884D1006B83A8 /* Batch */ = {
			isa = PBXGroup;
			children = (
				1618B1F32FB884D1006B83A8 /* BatchView.swift */,
			);
			path = Batch;
			sourceTree = "<group>";
		};
		1618B1F72FB884D1006B83A8 /* Templates */ = {
			isa = PBXGroup;
			children = (
				1618B1F62FB884D1006B83A8 /* TemplatesView.swift */,
			);
			path = Templates;
			sourceTree = "<group>";
		};
		1633BBC72FB09C4E00AE0A53 = {
			isa = PBXGroup;
			children = (
				1618B1D62FB87FDA006B83A8 /* WatermarkIT */,
				1633BBD12FB09C4E00AE0A53 /* Products */,
			);
			sourceTree = "<group>";
		};
		1633BBD12FB09C4E00AE0A53 /* Products */ = {
			isa = PBXGroup;
			children = (
				1633BBD02FB09C4E00AE0A53 /* WatermarkIT.app */,
			);
			name = Products;
			sourceTree = "<group>";
		};
/* End PBXGroup section */

/* Begin PBXNativeTarget section */
		1633BBCF2FB09C4E00AE0A53 /* WatermarkIT */ = {
			isa = PBXNativeTarget;
			buildConfigurationList = 1633BBDD2FB09C5000AE0A53 /* Build configuration list for PBXNativeTarget "WatermarkIT" */;
			buildPhases = (
				1633BBCC2FB09C4E00AE0A53 /* Sources */,
				1633BBCD2FB09C4E00AE0A53 /* Frameworks */,
				1633BBCE2FB09C4E00AE0A53 /* Resources */,
			);
			buildRules = (
			);
			dependencies = (
			);
			name = WatermarkIT;
			packageProductDependencies = (
			);
			productName = WatermarkIT;
			productReference = 1633BBD02FB09C4E00AE0A53 /* WatermarkIT.app */;
			productType = "com.apple.product-type.application";
		};
/* End PBXNativeTarget section */

/* Begin PBXProject section */
		1633BBC82FB09C4E00AE0A53 /* Project object */ = {
			isa = PBXProject;
			attributes = {
				BuildIndependentTargetsInParallel = 1;
				LastSwiftUpdateCheck = 2640;
				LastUpgradeCheck = 2640;
				TargetAttributes = {
					1633BBCF2FB09C4E00AE0A53 = {
						CreatedOnToolsVersion = 26.4;
					};
				};
			};
			buildConfigurationList = 1633BBCB2FB09C4E00AE0A53 /* Build configuration list for PBXProject "WatermarkIT" */;
			developmentRegion = en;
			hasScannedForEncodings = 0;
			knownRegions = (
				en,
				Base,
			);
			mainGroup = 1633BBC72FB09C4E00AE0A53;
			minimizedProjectReferenceProxies = 1;
			preferredProjectObjectVersion = 77;
			productRefGroup = 1633BBD12FB09C4E00AE0A53 /* Products */;
			projectDirPath = "";
			projectRoot = "";
			targets = (
				1633BBCF2FB09C4E00AE0A53 /* WatermarkIT */,
			);
		};
/* End PBXProject section */

/* Begin PBXResourcesBuildPhase section */
		1633BBCE2FB09C4E00AE0A53 /* Resources */ = {
			isa = PBXResourcesBuildPhase;
			buildActionMask = 2147483647;
			files = (
				1618B1D72FB87FDA006B83A8 /* Assets.xcassets in Resources */,
			);
			runOnlyForDeploymentPostprocessing = 0;
		};
/* End PBXResourcesBuildPhase section */

/* Begin PBXSourcesBuildPhase section */
		1633BBCC2FB09C4E00AE0A53 /* Sources */ = {
			isa = PBXSourcesBuildPhase;
			buildActionMask = 2147483647;
			files = (
				1618B1D82FB87FDA006B83A8 /* ExportOptions.swift in Sources */,
				1618B1E32FB8840C006B83A8 /* HomeViewModel.swift in Sources */,
				1618B1D92FB87FDA006B83A8 /* WatermarkConfig.swift in Sources */,
				1618B1E92FB88430006B83A8 /* ImagePicker.swift in Sources */,
				1618B1F82FB884D1006B83A8 /* TemplatesView.swift in Sources */,
				1618B1DA2FB87FDA006B83A8 /* WatermarkTemplate.swift in Sources */,
				1618B1F52FB884D1006B83A8 /* BatchView.swift in Sources */,
				1618B1EC2FB8849D006B83A8 /* EditorView.swift in Sources */,
				1618B1DB2FB87FDA006B83A8 /* HomeView.swift in Sources */,
				1618B1DC2FB87FDA006B83A8 /* WatermarkITApp.swift in Sources */,
			);
			runOnlyForDeploymentPostprocessing = 0;
		};
/* End PBXSourcesBuildPhase section */

/* Begin XCBuildConfiguration section */
		1633BBDB2FB09C5000AE0A53 /* Debug */ = {
			isa = XCBuildConfiguration;
			buildSettings = {
				ALWAYS_SEARCH_USER_PATHS = NO;
				ASSETCATALOG_COMPILER_GENERATE_SWIFT_ASSET_SYMBOL_EXTENSIONS = YES;
				CLANG_ANALYZER_NONNULL = YES;
				CLANG_ANALYZER_NUMBER_OBJECT_CONVERSION = YES_AGGRESSIVE;
				CLANG_CXX_LANGUAGE_STANDARD = "gnu++20";
				CLANG_ENABLE_MODULES = YES;
				CLANG_ENABLE_OBJC_ARC = YES;
				CLANG_ENABLE_OBJC_WEAK = YES;
				CLANG_WARN_BLOCK_CAPTURE_AUTORELEASING = YES;
				CLANG_WARN_BOOL_CONVERSION = YES;
				CLANG_WARN_COMMA = YES;
				CLANG_WARN_CONSTANT_CONVERSION = YES;
				CLANG_WARN_DEPRECATED_OBJC_IMPLEMENTATIONS = YES;
				CLANG_WARN_DIRECT_OBJC_ISA_USAGE = YES_ERROR;
				CLANG_WARN_DOCUMENTATION_COMMENTS = YES;
				CLANG_WARN_EMPTY_BODY = YES;
				CLANG_WARN_ENUM_CONVERSION = YES;
				CLANG_WARN_INFINITE_RECURSION = YES;
				CLANG_WARN_INT_CONVERSION = YES;
				CLANG_WARN_NON_LITERAL_NULL_CONVERSION = YES;
				CLANG_WARN_OBJC_IMPLICIT_RETAIN_SELF = YES;
				CLANG_WARN_OBJC_LITERAL_CONVERSION = YES;
				CLANG_WARN_OBJC_ROOT_CLASS = YES_ERROR;
				CLANG_WARN_QUOTED_INCLUDE_IN_FRAMEWORK_HEADER = YES;
				CLANG_WARN_RANGE_LOOP_ANALYSIS = YES;
				CLANG_WARN_STRICT_PROTOTYPES = YES;
				CLANG_WARN_SUSPICIOUS_MOVE = YES;
				CLANG_WARN_UNGUARDED_AVAILABILITY = YES_AGGRESSIVE;
				CLANG_WARN_UNREACHABLE_CODE = YES;
				CLANG_WARN__DUPLICATE_METHOD_MATCH = YES;
				COPY_PHASE_STRIP = NO;
				DEBUG_INFORMATION_FORMAT = dwarf;
				DEVELOPMENT_TEAM = 485CJ723F3;
				ENABLE_STRICT_OBJC_MSGSEND = YES;
				ENABLE_TESTABILITY = YES;
				ENABLE_USER_SCRIPT_SANDBOXING = YES;
				GCC_C_LANGUAGE_STANDARD = gnu17;
				GCC_DYNAMIC_NO_PIC = NO;
				GCC_NO_COMMON_BLOCKS = YES;
				GCC_OPTIMIZATION_LEVEL = 0;
				GCC_PREPROCESSOR_DEFINITIONS = (
					"DEBUG=1",
					"$(inherited)",
				);
				GCC_WARN_64_TO_32_BIT_CONVERSION = YES;
				GCC_WARN_ABOUT_RETURN_TYPE = YES_ERROR;
				GCC_WARN_UNDECLARED_SELECTOR = YES;
				GCC_WARN_UNINITIALIZED_AUTOS = YES_AGGRESSIVE;
				GCC_WARN_UNUSED_FUNCTION = YES;
				GCC_WARN_UNUSED_VARIABLE = YES;
				IPHONEOS_DEPLOYMENT_TARGET = 26.4;
				LOCALIZATION_PREFERS_STRING_CATALOGS = YES;
				MTL_ENABLE_DEBUG_INFO = INCLUDE_SOURCE;
				MTL_FAST_MATH = YES;
				ONLY_ACTIVE_ARCH = YES;
				SDKROOT = iphoneos;
				SWIFT_ACTIVE_COMPILATION_CONDITIONS = "DEBUG $(inherited)";
				SWIFT_OPTIMIZATION_LEVEL = "-Onone";
			};
			name = Debug;
		};
		1633BBDC2FB09C5000AE0A53 /* Release */ = {
			isa = XCBuildConfiguration;
			buildSettings = {
				ALWAYS_SEARCH_USER_PATHS = NO;
				ASSETCATALOG_COMPILER_GENERATE_SWIFT_ASSET_SYMBOL_EXTENSIONS = YES;
				CLANG_ANALYZER_NONNULL = YES;
				CLANG_ANALYZER_NUMBER_OBJECT_CONVERSION = YES_AGGRESSIVE;
				CLANG_CXX_LANGUAGE_STANDARD = "gnu++20";
				CLANG_ENABLE_MODULES = YES;
				CLANG_ENABLE_OBJC_ARC = YES;
				CLANG_ENABLE_OBJC_WEAK = YES;
				CLANG_WARN_BLOCK_CAPTURE_AUTORELEASING = YES;
				CLANG_WARN_BOOL_CONVERSION = YES;
				CLANG_WARN_COMMA = YES;
				CLANG_WARN_CONSTANT_CONVERSION = YES;
				CLANG_WARN_DEPRECATED_OBJC_IMPLEMENTATIONS = YES;
				CLANG_WARN_DIRECT_OBJC_ISA_USAGE = YES_ERROR;
				CLANG_WARN_DOCUMENTATION_COMMENTS = YES;
				CLANG_WARN_EMPTY_BODY = YES;
				CLANG_WARN_ENUM_CONVERSION = YES;
				CLANG_WARN_INFINITE_RECURSION = YES;
				CLANG_WARN_INT_CONVERSION = YES;
				CLANG_WARN_NON_LITERAL_NULL_CONVERSION = YES;
				CLANG_WARN_OBJC_IMPLICIT_RETAIN_SELF = YES;
				CLANG_WARN_OBJC_LITERAL_CONVERSION = YES;
				CLANG_WARN_OBJC_ROOT_CLASS = YES_ERROR;
				CLANG_WARN_QUOTED_INCLUDE_IN_FRAMEWORK_HEADER = YES;
				CLANG_WARN_RANGE_LOOP_ANALYSIS = YES;
				CLANG_WARN_STRICT_PROTOTYPES = YES;
				CLANG_WARN_SUSPICIOUS_MOVE = YES;
				CLANG_WARN_UNGUARDED_AVAILABILITY = YES_AGGRESSIVE;
				CLANG_WARN_UNREACHABLE_CODE = YES;
				CLANG_WARN__DUPLICATE_METHOD_MATCH = YES;
				COPY_PHASE_STRIP = NO;
				DEBUG_INFORMATION_FORMAT = "dwarf-with-dsym";
				DEVELOPMENT_TEAM = 485CJ723F3;
				ENABLE_NS_ASSERTIONS = NO;
				ENABLE_STRICT_OBJC_MSGSEND = YES;
				ENABLE_USER_SCRIPT_SANDBOXING = YES;
				GCC_C_LANGUAGE_STANDARD = gnu17;
				GCC_NO_COMMON_BLOCKS = YES;
				GCC_WARN_64_TO_32_BIT_CONVERSION = YES;
				GCC_WARN_ABOUT_RETURN_TYPE = YES_ERROR;
				GCC_WARN_UNDECLARED_SELECTOR = YES;
				GCC_WARN_UNINITIALIZED_AUTOS = YES_AGGRESSIVE;
				GCC_WARN_UNUSED_FUNCTION = YES;
				GCC_WARN_UNUSED_VARIABLE = YES;
				IPHONEOS_DEPLOYMENT_TARGET = 26.4;
				LOCALIZATION_PREFERS_STRING_CATALOGS = YES;
				MTL_ENABLE_DEBUG_INFO = NO;
				MTL_FAST_MATH = YES;
				SDKROOT = iphoneos;
				SWIFT_COMPILATION_MODE = wholemodule;
				VALIDATE_PRODUCT = YES;
			};
			name = Release;
		};
		1633BBDE2FB09C5000AE0A53 /* Debug */ = {
			isa = XCBuildConfiguration;
			buildSettings = {
				ASSETCATALOG_COMPILER_APPICON_NAME = AppIcon;
				ASSETCATALOG_COMPILER_GLOBAL_ACCENT_COLOR_NAME = AccentColor;
				CODE_SIGN_STYLE = Automatic;
				CURRENT_PROJECT_VERSION = 1;
				DEVELOPMENT_TEAM = 485CJ723F3;
				ENABLE_PREVIEWS = YES;
				GENERATE_INFOPLIST_FILE = YES;
				INFOPLIST_FILE = WatermarkIT/Info.plist;
				INFOPLIST_KEY_CFBundleDisplayName = WatermarkIt;
				INFOPLIST_KEY_NSPhotoLibraryUsageDescription = "WatermarkIt needs access to your photos to add watermarks.";
				INFOPLIST_KEY_UIApplicationSceneManifest_Generation = YES;
				INFOPLIST_KEY_UIApplicationSupportsIndirectInputEvents = YES;
				INFOPLIST_KEY_UILaunchScreen_Generation = YES;
				INFOPLIST_KEY_UISupportedInterfaceOrientations_iPad = "UIInterfaceOrientationPortrait UIInterfaceOrientationPortraitUpsideDown UIInterfaceOrientationLandscapeLeft UIInterfaceOrientationLandscapeRight";
				INFOPLIST_KEY_UISupportedInterfaceOrientations_iPhone = "UIInterfaceOrientationPortrait UIInterfaceOrientationLandscapeLeft UIInterfaceOrientationLandscapeRight";
				IPHONEOS_DEPLOYMENT_TARGET = 26.0;
				LD_RUNPATH_SEARCH_PATHS = (
					"$(inherited)",
					"@executable_path/Frameworks",
				);
				MARKETING_VERSION = 1.0;
				PRODUCT_BUNDLE_IDENTIFIER = com.product.WatermarkIT;
				PRODUCT_NAME = "$(TARGET_NAME)";
				STRING_CATALOG_GENERATE_SYMBOLS = YES;
				SWIFT_APPROACHABLE_CONCURRENCY = YES;
				SWIFT_DEFAULT_ACTOR_ISOLATION = MainActor;
				SWIFT_EMIT_LOC_STRINGS = YES;
				SWIFT_UPCOMING_FEATURE_MEMBER_IMPORT_VISIBILITY = YES;
				SWIFT_VERSION = 5.0;
				TARGETED_DEVICE_FAMILY = "1,2";
			};
			name = Debug;
		};
		1633BBDF2FB09C5000AE0A53 /* Release */ = {
			isa = XCBuildConfiguration;
			buildSettings = {
				ASSETCATALOG_COMPILER_APPICON_NAME = AppIcon;
				ASSETCATALOG_COMPILER_GLOBAL_ACCENT_COLOR_NAME = AccentColor;
				CODE_SIGN_STYLE = Automatic;
				CURRENT_PROJECT_VERSION = 1;
				DEVELOPMENT_TEAM = 485CJ723F3;
				ENABLE_PREVIEWS = YES;
				GENERATE_INFOPLIST_FILE = YES;
				INFOPLIST_FILE = WatermarkIT/Info.plist;
				INFOPLIST_KEY_CFBundleDisplayName = WatermarkIt;
				INFOPLIST_KEY_NSPhotoLibraryUsageDescription = "WatermarkIt needs access to your photos to add watermarks.";
				INFOPLIST_KEY_UIApplicationSceneManifest_Generation = YES;
				INFOPLIST_KEY_UIApplicationSupportsIndirectInputEvents = YES;
				INFOPLIST_KEY_UILaunchScreen_Generation = YES;
				INFOPLIST_KEY_UISupportedInterfaceOrientations_iPad = "UIInterfaceOrientationPortrait UIInterfaceOrientationPortraitUpsideDown UIInterfaceOrientationLandscapeLeft UIInterfaceOrientationLandscapeRight";
				INFOPLIST_KEY_UISupportedInterfaceOrientations_iPhone = "UIInterfaceOrientationPortrait UIInterfaceOrientationLandscapeLeft UIInterfaceOrientationLandscapeRight";
				IPHONEOS_DEPLOYMENT_TARGET = 26.0;
				LD_RUNPATH_SEARCH_PATHS = (
					"$(inherited)",
					"@executable_path/Frameworks",
				);
				MARKETING_VERSION = 1.0;
				PRODUCT_BUNDLE_IDENTIFIER = com.product.WatermarkIT;
				PRODUCT_NAME = "$(TARGET_NAME)";
				STRING_CATALOG_GENERATE_SYMBOLS = YES;
				SWIFT_APPROACHABLE_CONCURRENCY = YES;
				SWIFT_DEFAULT_ACTOR_ISOLATION = MainActor;
				SWIFT_EMIT_LOC_STRINGS = YES;
				SWIFT_UPCOMING_FEATURE_MEMBER_IMPORT_VISIBILITY = YES;
				SWIFT_VERSION = 5.0;
				TARGETED_DEVICE_FAMILY = "1,2";
			};
			name = Release;
		};
/* End XCBuildConfiguration section */

/* Begin XCConfigurationList section */
		1633BBCB2FB09C4E00AE0A53 /* Build configuration list for PBXProject "WatermarkIT" */ = {
			isa = XCConfigurationList;
			buildConfigurations = (
				1633BBDB2FB09C5000AE0A53 /* Debug */,
				1633BBDC2FB09C5000AE0A53 /* Release */,
			);
			defaultConfigurationIsVisible = 0;
			defaultConfigurationName = Release;
		};
		1633BBDD2FB09C5000AE0A53 /* Build configuration list for PBXNativeTarget "WatermarkIT" */ = {
			isa = XCConfigurationList;
			buildConfigurations = (
				1633BBDE2FB09C5000AE0A53 /* Debug */,
				1633BBDF2FB09C5000AE0A53 /* Release */,
			);
			defaultConfigurationIsVisible = 0;
			defaultConfigurationName = Release;
		};
/* End XCConfigurationList section */
	};
	rootObject = 1633BBC82FB09C4E00AE0A53 /* Project object */;
}
